
Microsoft Visual Studio Solution File, Format Version 12.00
# Visual Studio Version 16
VisualStudioVersion = 16.0.31005.135
MinimumVisualStudioVersion = 10.0.40219.1
Project("{FAE04EC0-301F-11D3-BF4B-00C04F79EFBC}") = "DPWA-Lab01-Periodo01", "DPWA-Lab01-Periodo01.csproj", "{759FF1F8-CFA9-429D-9665-8986C4BB9636}"
EndProject
Global
	GlobalSection(SolutionConfigurationPlatforms) = preSolution
		Debug|Any CPU = Debug|Any CPU
		Release|Any CPU = Release|Any CPU
	EndGlobalSection
	GlobalSection(ProjectConfigurationPlatforms) = postSolution
		{759FF1F8-CFA9-429D-9665-8986C4BB9636}.Debug|Any CPU.ActiveCfg = Debug|Any CPU
		{759FF1F8-CFA9-429D-9665-8986C4BB9636}.Debug|Any CPU.Build.0 = Debug|Any CPU
		{759FF1F8-CFA9-429D-9665-8986C4BB9636}.Release|Any CPU.ActiveCfg = Release|Any CPU
		{759FF1F8-CFA9-429D-9665-8986C4BB9636}.Release|Any CPU.Build.0 = Release|Any CPU
	EndGlobalSection
	GlobalSection(SolutionProperties) = preSolution
		HideSolutionNode = FALSE
	EndGlobalSection
	GlobalSection(ExtensibilityGlobals) = postSolution
		SolutionGuid = {7036882A-01DE-4424-8A02-44E9E8131503}
	EndGlobalSection
EndGlobal
